{
  "version": "2",
  "remote": {
    "https://deno.land/std@0.170.0/fmt/colors.ts": "03ad95e543d2808bc43c17a3dd29d25b43d0f16287fe562a0be89bf632454a12",
    "https://deno.land/std@0.178.0/_util/asserts.ts": "178dfc49a464aee693a7e285567b3d0b555dc805ff490505a8aae34f9cfb1462",
    "https://deno.land/std@0.178.0/_util/os.ts": "d932f56d41e4f6a6093d56044e29ce637f8dcc43c5a90af43504a889cf1775e3",
    "https://deno.land/std@0.178.0/fs/_util.ts": "65381f341af1ff7f40198cee15c20f59951ac26e51ddc651c5293e24f9ce6f32",
    "https://deno.land/std@0.178.0/fs/copy.ts": "14214efd94fc3aa6db1e4af2b4b9578e50f7362b7f3725d5a14ad259a5df26c8",
    "https://deno.land/std@0.178.0/fs/empty_dir.ts": "c3d2da4c7352fab1cf144a1ecfef58090769e8af633678e0f3fabaef98594688",
    "https://deno.land/std@0.178.0/fs/ensure_dir.ts": "724209875497a6b4628dfb256116e5651c4f7816741368d6c44aab2531a1e603",
    "https://deno.land/std@0.178.0/fs/ensure_file.ts": "c38602670bfaf259d86ca824a94e6cb9e5eb73757fefa4ebf43a90dd017d53d9",
    "https://deno.land/std@0.178.0/fs/ensure_link.ts": "c0f5b2f0ec094ed52b9128eccb1ee23362a617457aa0f699b145d4883f5b2fb4",
    "https://deno.land/std@0.178.0/fs/ensure_symlink.ts": "2955cc8332aeca9bdfefd05d8d3976b94e282b0f353392a71684808ed2ffdd41",
    "https://deno.land/std@0.178.0/fs/eol.ts": "f1f2eb348a750c34500741987b21d65607f352cf7205f48f4319d417fff42842",
    "https://deno.land/std@0.178.0/fs/exists.ts": "b8c8a457b71e9d7f29b9d2f87aad8dba2739cbe637e8926d6ba6e92567875f8e",
    "https://deno.land/std@0.178.0/fs/expand_glob.ts": "45d17e89796a24bd6002e4354eda67b4301bb8ba67d2cac8453cdabccf1d9ab0",
    "https://deno.land/std@0.178.0/fs/mod.ts": "bc3d0acd488cc7b42627044caf47d72019846d459279544e1934418955ba4898",
    "https://deno.land/std@0.178.0/fs/move.ts": "4cb47f880e3f0582c55e71c9f8b1e5e8cfaacb5e84f7390781dd563b7298ec19",
    "https://deno.land/std@0.178.0/fs/walk.ts": "ea95ffa6500c1eda6b365be488c056edc7c883a1db41ef46ec3bf057b1c0fe32",
    "https://deno.land/std@0.178.0/path/_constants.ts": "e49961f6f4f48039c0dfed3c3f93e963ca3d92791c9d478ac5b43183413136e0",
    "https://deno.land/std@0.178.0/path/_interface.ts": "6471159dfbbc357e03882c2266d21ef9afdb1e4aa771b0545e90db58a0ba314b",
    "https://deno.land/std@0.178.0/path/_util.ts": "d7abb1e0dea065f427b89156e28cdeb32b045870acdf865833ba808a73b576d0",
    "https://deno.land/std@0.178.0/path/common.ts": "ee7505ab01fd22de3963b64e46cff31f40de34f9f8de1fff6a1bd2fe79380000",
    "https://deno.land/std@0.178.0/path/glob.ts": "d479e0a695621c94d3fd7fe7abd4f9499caf32a8de13f25073451c6ef420a4e1",
    "https://deno.land/std@0.178.0/path/mod.ts": "4b83694ac500d7d31b0cdafc927080a53dc0c3027eb2895790fb155082b0d232",
    "https://deno.land/std@0.178.0/path/posix.ts": "8b7c67ac338714b30c816079303d0285dd24af6b284f7ad63da5b27372a2c94d",
    "https://deno.land/std@0.178.0/path/separator.ts": "0fb679739d0d1d7bf45b68dacfb4ec7563597a902edbaf3c59b50d5bcadd93b1",
    "https://deno.land/std@0.178.0/path/win32.ts": "d186344e5583bcbf8b18af416d13d82b35a317116e6460a5a3953508c3de5bba",
    "https://deno.land/x/cliffy@v0.25.7/_utils/distance.ts": "02af166952c7c358ac83beae397aa2fbca4ad630aecfcd38d92edb1ea429f004",
    "https://deno.land/x/cliffy@v0.25.7/command/_errors.ts": "a9bd23dc816b32ec96c9b8f3057218241778d8c40333b43341138191450965e5",
    "https://deno.land/x/cliffy@v0.25.7/command/_utils.ts": "9ab3d69fabab6c335b881b8a5229cbd5db0c68f630a1c307aff988b6396d9baf",
    "https://deno.land/x/cliffy@v0.25.7/command/command.ts": "a2b83c612acd65c69116f70dec872f6da383699b83874b70fcf38cddf790443f",
    "https://deno.land/x/cliffy@v0.25.7/command/completions/_bash_completions_generator.ts": "43b4abb543d4dc60233620d51e69d82d3b7c44e274e723681e0dce2a124f69f9",
    "https://deno.land/x/cliffy@v0.25.7/command/completions/_fish_completions_generator.ts": "d0289985f5cf0bd288c05273bfa286b24c27feb40822eb7fd9d7fee64e6580e8",
    "https://deno.land/x/cliffy@v0.25.7/command/completions/_zsh_completions_generator.ts": "14461eb274954fea4953ee75938821f721da7da607dc49bcc7db1e3f33a207bd",
    "https://deno.land/x/cliffy@v0.25.7/command/completions/bash.ts": "053aa2006ec327ccecacb00ba28e5eb836300e5c1bec1b3cfaee9ddcf8189756",
    "https://deno.land/x/cliffy@v0.25.7/command/completions/complete.ts": "58df61caa5e6220ff2768636a69337923ad9d4b8c1932aeb27165081c4d07d8b",
    "https://deno.land/x/cliffy@v0.25.7/command/completions/fish.ts": "9938beaa6458c6cf9e2eeda46a09e8cd362d4f8c6c9efe87d3cd8ca7477402a5",
    "https://deno.land/x/cliffy@v0.25.7/command/completions/mod.ts": "aeef7ec8e319bb157c39a4bab8030c9fe8fa327b4c1e94c9c1025077b45b40c0",
    "https://deno.land/x/cliffy@v0.25.7/command/completions/zsh.ts": "8b04ab244a0b582f7927d405e17b38602428eeb347a9968a657e7ea9f40e721a",
    "https://deno.land/x/cliffy@v0.25.7/command/deprecated.ts": "bbe6670f1d645b773d04b725b8b8e7814c862c9f1afba460c4d599ffe9d4983c",
    "https://deno.land/x/cliffy@v0.25.7/command/deps.ts": "275b964ce173770bae65f6b8ebe9d2fd557dc10292cdd1ed3db1735f0d77fa1d",
    "https://deno.land/x/cliffy@v0.25.7/command/help/_help_generator.ts": "f7c349cb2ddb737e70dc1f89bcb1943ca9017a53506be0d4138e0aadb9970a49",
    "https://deno.land/x/cliffy@v0.25.7/command/help/mod.ts": "09d74d3eb42d21285407cda688074c29595d9c927b69aedf9d05ff3f215820d3",
    "https://deno.land/x/cliffy@v0.25.7/command/mod.ts": "d0a32df6b14028e43bb2d41fa87d24bc00f9662a44e5a177b3db02f93e473209",
    "https://deno.land/x/cliffy@v0.25.7/command/type.ts": "24e88e3085e1574662b856ccce70d589959648817135d4469fab67b9cce1b364",
    "https://deno.land/x/cliffy@v0.25.7/command/types.ts": "ae02eec0ed7a769f7dba2dd5d3a931a61724b3021271b1b565cf189d9adfd4a0",
    "https://deno.land/x/cliffy@v0.25.7/command/types/action_list.ts": "33c98d449617c7a563a535c9ceb3741bde9f6363353fd492f90a74570c611c27",
    "https://deno.land/x/cliffy@v0.25.7/command/types/boolean.ts": "3879ec16092b4b5b1a0acb8675f8c9250c0b8a972e1e4c7adfba8335bd2263ed",
    "https://deno.land/x/cliffy@v0.25.7/command/types/child_command.ts": "f1fca390c7fbfa7a713ca15ef55c2c7656bcbb394d50e8ef54085bdf6dc22559",
    "https://deno.land/x/cliffy@v0.25.7/command/types/command.ts": "325d0382e383b725fd8d0ef34ebaeae082c5b76a1f6f2e843fee5dbb1a4fe3ac",
    "https://deno.land/x/cliffy@v0.25.7/command/types/enum.ts": "2178345972adf7129a47e5f02856ca3e6852a91442a1c78307dffb8a6a3c6c9f",
    "https://deno.land/x/cliffy@v0.25.7/command/types/file.ts": "8618f16ac9015c8589cbd946b3de1988cc4899b90ea251f3325c93c46745140e",
    "https://deno.land/x/cliffy@v0.25.7/command/types/integer.ts": "29864725fd48738579d18123d7ee78fed37515e6dc62146c7544c98a82f1778d",
    "https://deno.land/x/cliffy@v0.25.7/command/types/number.ts": "aeba96e6f470309317a16b308c82e0e4138a830ec79c9877e4622c682012bc1f",
    "https://deno.land/x/cliffy@v0.25.7/command/types/string.ts": "e4dadb08a11795474871c7967beab954593813bb53d9f69ea5f9b734e43dc0e0",
    "https://deno.land/x/cliffy@v0.25.7/command/upgrade/mod.ts": "17e2df3b620905583256684415e6c4a31e8de5c59066eb6d6c9c133919292dc4",
    "https://deno.land/x/cliffy@v0.25.7/command/upgrade/provider.ts": "d6fb846043232cbd23c57d257100c7fc92274984d75a5fead0f3e4266dc76ab8",
    "https://deno.land/x/cliffy@v0.25.7/command/upgrade/provider/deno_land.ts": "24f8d82e38c51e09be989f30f8ad21f9dd41ac1bb1973b443a13883e8ba06d6d",
    "https://deno.land/x/cliffy@v0.25.7/command/upgrade/provider/github.ts": "99e1b133dd446c6aa79f69e69c46eb8bc1c968dd331c2a7d4064514a317c7b59",
    "https://deno.land/x/cliffy@v0.25.7/command/upgrade/provider/nest_land.ts": "0e07936cea04fa41ac9297f32d87f39152ea873970c54cb5b4934b12fee1885e",
    "https://deno.land/x/cliffy@v0.25.7/command/upgrade/upgrade_command.ts": "3640a287d914190241ea1e636774b1b4b0e1828fa75119971dd5304784061e05",
    "https://deno.land/x/cliffy@v0.25.7/flags/_errors.ts": "f1fbb6bfa009e7950508c9d491cfb4a5551027d9f453389606adb3f2327d048f",
    "https://deno.land/x/cliffy@v0.25.7/flags/_utils.ts": "340d3ecab43cde9489187e1f176504d2c58485df6652d1cdd907c0e9c3ce4cc2",
    "https://deno.land/x/cliffy@v0.25.7/flags/_validate_flags.ts": "16eb5837986c6f6f7620817820161a78d66ce92d690e3697068726bbef067452",
    "https://deno.land/x/cliffy@v0.25.7/flags/deprecated.ts": "a72a35de3cc7314e5ebea605ca23d08385b218ef171c32a3f135fb4318b08126",
    "https://deno.land/x/cliffy@v0.25.7/flags/flags.ts": "68a9dfcacc4983a84c07ba19b66e5e9fccd04389fad215210c60fb414cc62576",
    "https://deno.land/x/cliffy@v0.25.7/flags/types.ts": "7452ea5296758fb7af89930349ce40d8eb9a43b24b3f5759283e1cb5113075fd",
    "https://deno.land/x/cliffy@v0.25.7/flags/types/boolean.ts": "4c026dd66ec9c5436860dc6d0241427bdb8d8e07337ad71b33c08193428a2236",
    "https://deno.land/x/cliffy@v0.25.7/flags/types/integer.ts": "b60d4d590f309ddddf066782d43e4dc3799f0e7d08e5ede7dc62a5ee94b9a6d9",
    "https://deno.land/x/cliffy@v0.25.7/flags/types/number.ts": "610936e2d29de7c8c304b65489a75ebae17b005c6122c24e791fbed12444d51e",
    "https://deno.land/x/cliffy@v0.25.7/flags/types/string.ts": "e89b6a5ce322f65a894edecdc48b44956ec246a1d881f03e97bbda90dd8638c5",
    "https://deno.land/x/cliffy@v0.25.7/table/border.ts": "2514abae4e4f51eda60a5f8c927ba24efd464a590027e900926b38f68e01253c",
    "https://deno.land/x/cliffy@v0.25.7/table/cell.ts": "1d787d8006ac8302020d18ec39f8d7f1113612c20801b973e3839de9c3f8b7b3",
    "https://deno.land/x/cliffy@v0.25.7/table/deps.ts": "5b05fa56c1a5e2af34f2103fd199e5f87f0507549963019563eae519271819d2",
    "https://deno.land/x/cliffy@v0.25.7/table/layout.ts": "46bf10ae5430cf4fbb92f23d588230e9c6336edbdb154e5c9581290562b169f4",
    "https://deno.land/x/cliffy@v0.25.7/table/row.ts": "5f519ba7488d2ef76cbbf50527f10f7957bfd668ce5b9169abbc44ec88302645",
    "https://deno.land/x/cliffy@v0.25.7/table/table.ts": "ec204c9d08bb3ff1939c5ac7412a4c9ed7d00925d4fc92aff9bfe07bd269258d",
    "https://deno.land/x/cliffy@v0.25.7/table/utils.ts": "187bb7dcbcfb16199a5d906113f584740901dfca1007400cba0df7dcd341bc29",
    "https://deno.land/x/eventemitter@1.2.4/mod.ts": "78bc13c227d8ab547aa42a1c09c233001603770b2a64334a5a7798e4f2cae7c1",
    "https://deno.land/x/zod@v3.21.4/ZodError.ts": "4de18ff525e75a0315f2c12066b77b5c2ae18c7c15ef7df7e165d63536fdf2ea",
    "https://deno.land/x/zod@v3.21.4/errors.ts": "5285922d2be9700cc0c70c95e4858952b07ae193aa0224be3cbd5cd5567eabef",
    "https://deno.land/x/zod@v3.21.4/external.ts": "a6cfbd61e9e097d5f42f8a7ed6f92f93f51ff927d29c9fbaec04f03cbce130fe",
    "https://deno.land/x/zod@v3.21.4/helpers/enumUtil.ts": "54efc393cc9860e687d8b81ff52e980def00fa67377ad0bf8b3104f8a5bf698c",
    "https://deno.land/x/zod@v3.21.4/helpers/errorUtil.ts": "7a77328240be7b847af6de9189963bd9f79cab32bbc61502a9db4fe6683e2ea7",
    "https://deno.land/x/zod@v3.21.4/helpers/parseUtil.ts": "51a76c126ee212be86013d53a9d07f87e9ae04bb1496f2558e61b62cb74a6aa8",
    "https://deno.land/x/zod@v3.21.4/helpers/partialUtil.ts": "998c2fe79795257d4d1cf10361e74492f3b7d852f61057c7c08ac0a46488b7e7",
    "https://deno.land/x/zod@v3.21.4/helpers/typeAliases.ts": "0fda31a063c6736fc3cf9090dd94865c811dfff4f3cb8707b932bf937c6f2c3e",
    "https://deno.land/x/zod@v3.21.4/helpers/util.ts": "8baf19b19b2fca8424380367b90364b32503b6b71780269a6e3e67700bb02774",
    "https://deno.land/x/zod@v3.21.4/index.ts": "d27aabd973613985574bc31f39e45cb5d856aa122ef094a9f38a463b8ef1a268",
    "https://deno.land/x/zod@v3.21.4/locales/en.ts": "a7a25cd23563ccb5e0eed214d9b31846305ddbcdb9c5c8f508b108943366ab4c",
    "https://deno.land/x/zod@v3.21.4/mod.ts": "64e55237cb4410e17d968cd08975566059f27638ebb0b86048031b987ba251c4",
    "https://deno.land/x/zod@v3.21.4/types.ts": "b5d061babea250de14fc63764df5b3afa24f2b088a1d797fc060ba49a0ddff28",
    "https://raw.githubusercontent.com/netspective-labs/sql-aide/v0.0.13/deps.ts": "233dfb7208ed7327d133c434a513397680b2466d05456b32e5459a84aadbeba7",
    "https://raw.githubusercontent.com/netspective-labs/sql-aide/v0.0.13/lib/universal/record.ts": "68dc9f234e49b98878ba66ec00076a7e0545c209b0ebc2c18a8abc1084d0643f",
    "https://raw.githubusercontent.com/netspective-labs/sql-aide/v0.0.13/lib/universal/safety.ts": "bb01f4fbddf4977c39f8da8a81160458e309af220e546a420f990c23fbd81270",
    "https://raw.githubusercontent.com/netspective-labs/sql-aide/v0.0.13/lib/universal/whitespace.ts": "303e037f9cf984848933002b6b1ccb5218f030ab6b4661dcc69352733f4f06ff",
    "https://raw.githubusercontent.com/netspective-labs/sql-aide/v0.0.13/lib/universal/zod-aide.ts": "c17c7f7eada799c6c335022613867ccd927eb0ab4be3fecac5f39129aeb634aa",
    "https://raw.githubusercontent.com/netspective-labs/sql-aide/v0.0.13/pattern/data-vault/data-vault.ts": "c888880bd1e196383b86a5c767e70831492587139e0b8b7b4d6a8c343aafd2c3",
    "https://raw.githubusercontent.com/netspective-labs/sql-aide/v0.0.13/pattern/data-vault/mod.ts": "3437f034ee1ade8349e1e964f3836cde4d46c8b96a765e403baf8bfdc68224b8",
    "https://raw.githubusercontent.com/netspective-labs/sql-aide/v0.0.13/pattern/typical/enum-table.ts": "fbbecfbeb3161f90bdc9b95093dbd29d7400997c4af691c4a9e07530446a8cf3",
    "https://raw.githubusercontent.com/netspective-labs/sql-aide/v0.0.13/pattern/typical/mod.ts": "41c8adb83a6c491e691a0fd8a65db39e7e54e374f24fcbbff6b5c35ab2f727a6",
    "https://raw.githubusercontent.com/netspective-labs/sql-aide/v0.0.13/pattern/typical/typical-cli.ts": "743fc8f5b346d488770e5ef926a3858e2e55f2f3db7ef46a827537ab677ff563",
    "https://raw.githubusercontent.com/netspective-labs/sql-aide/v0.0.13/pattern/typical/typical.ts": "f76955e889a18f2092b6174b0a40ab24d9d42827043f53f587a63dde2e865325",
    "https://raw.githubusercontent.com/netspective-labs/sql-aide/v0.0.13/render/ddl/mod.ts": "0ea2e3e0b9a8449a029b26633017c59b274e0c3c55f6850c161c345ea6b1bc79",
    "https://raw.githubusercontent.com/netspective-labs/sql-aide/v0.0.13/render/ddl/schema.ts": "3ae39ff73d6b493768bc06752eda54ac74b6f0fd504e77211ac20697ba41fe94",
    "https://raw.githubusercontent.com/netspective-labs/sql-aide/v0.0.13/render/ddl/table/column.ts": "efb1f11180594a6984bdddccbdf8a4b922c14679142cceac8d99c326d66ea9e7",
    "https://raw.githubusercontent.com/netspective-labs/sql-aide/v0.0.13/render/ddl/table/constraint.ts": "e51e53eb15fd34152967cda6b28c36bfae19b1835bb5847e447270b7d3297c02",
    "https://raw.githubusercontent.com/netspective-labs/sql-aide/v0.0.13/render/ddl/table/foreign-key.ts": "4731c1e3e1033e331fa73c4ee9a7f59d420349ccdea67b01befa1651d7c99158",
    "https://raw.githubusercontent.com/netspective-labs/sql-aide/v0.0.13/render/ddl/table/lint.ts": "fab8737762c290fb3fe40afcfa51ce53b43d22af26a128c875a3018b1860d37d",
    "https://raw.githubusercontent.com/netspective-labs/sql-aide/v0.0.13/render/ddl/table/mod.ts": "5832c9fea75e95e563dc8efdeb9e58e38d685d36c91ca4ff068c822e6462586a",
    "https://raw.githubusercontent.com/netspective-labs/sql-aide/v0.0.13/render/ddl/table/primary-key.ts": "f6f77d495c18263de68f4145f5e1906deccb26b542936d19298d2c5a8dc888bd",
    "https://raw.githubusercontent.com/netspective-labs/sql-aide/v0.0.13/render/ddl/table/record.ts": "d4b5d173d6d4594beeb914578d638c3f9142246d707c32648e945eabcd2f44b5",
    "https://raw.githubusercontent.com/netspective-labs/sql-aide/v0.0.13/render/ddl/table/select.ts": "f4e289f06e897f10ef971d19a97d25a141e97445773ffdfda7c159a06db5581e",
    "https://raw.githubusercontent.com/netspective-labs/sql-aide/v0.0.13/render/ddl/table/table.ts": "1d911d8bcb27a5ad27d12b353cf330b1dc8223271d16c1312dd31758c2144a4c",
    "https://raw.githubusercontent.com/netspective-labs/sql-aide/v0.0.13/render/ddl/type.ts": "bfe8a5e392144a41956f7e0b5c83b6f06dd70edf66d2c9d4fd1b67cf991b1953",
    "https://raw.githubusercontent.com/netspective-labs/sql-aide/v0.0.13/render/ddl/view.ts": "1b7713d85ba1cca6e5e12b3b2929104da0d76732f6a93c6603e3e54140eb73aa",
    "https://raw.githubusercontent.com/netspective-labs/sql-aide/v0.0.13/render/deps.ts": "57fb108f425900019296efcf70ce15627f0a18ebc58dcffbaa6c34e3b8bb831c",
    "https://raw.githubusercontent.com/netspective-labs/sql-aide/v0.0.13/render/diagram/plantuml-ie-notation.ts": "7d4f77d72842771a361027892566d82673115d3012d4dc7440c10f62407b80ac",
    "https://raw.githubusercontent.com/netspective-labs/sql-aide/v0.0.13/render/dml/insert.ts": "127f396804e22a486979f64cc649c9aeba21ec356318d88c0a889a1c706182f6",
    "https://raw.githubusercontent.com/netspective-labs/sql-aide/v0.0.13/render/dml/mod.ts": "8a86dd5a22f2a9690d5a54526caf3d647fa0a85b52da71bed89ae7a8aff734be",
    "https://raw.githubusercontent.com/netspective-labs/sql-aide/v0.0.13/render/domain/domain.ts": "e191705a35a7e0a562749c5173e25d66e33f44a1eb0899c138f4aaf8ab636191",
    "https://raw.githubusercontent.com/netspective-labs/sql-aide/v0.0.13/render/domain/domains.ts": "3635b4878e68ff3cb18f9101b1821cb95ceb48eb80779f8d5e2434b43932c376",
    "https://raw.githubusercontent.com/netspective-labs/sql-aide/v0.0.13/render/domain/mod.ts": "976337eb03d15107cef0b6bbf9f19451a9f479d416f8eaf4842d8a780936b3b3",
    "https://raw.githubusercontent.com/netspective-labs/sql-aide/v0.0.13/render/dql/criteria.ts": "9d91520e78e21ac613fadca2d0d1b00094498aecc22a9fee522a749b3d1dc3d2",
    "https://raw.githubusercontent.com/netspective-labs/sql-aide/v0.0.13/render/dql/mod.ts": "cabe5089c3d3756fb64fa4165fbcd8a842aa9af5eed2f4e925deb033d3e0abba",
    "https://raw.githubusercontent.com/netspective-labs/sql-aide/v0.0.13/render/dql/select.ts": "1ea72cce00a4be15ea3edfb34c205bdd1e3fa6d373af7c9caafa94881a4c479f",
    "https://raw.githubusercontent.com/netspective-labs/sql-aide/v0.0.13/render/emit/dialect.ts": "db3c799a5d9e0c12ae76f62818c3c08997396f9f354e4cb00e4b8ce4323b1edc",
    "https://raw.githubusercontent.com/netspective-labs/sql-aide/v0.0.13/render/emit/directive.ts": "bf2244d94b61a521d7a00b2fa52c778bc8e217fbd1dd2a7109d723b347e2baa2",
    "https://raw.githubusercontent.com/netspective-labs/sql-aide/v0.0.13/render/emit/js.ts": "98a69b73d05ca2af9f0621d5a85aab6179aceaccb85a1a446ba1aa9e7859ea22",
    "https://raw.githubusercontent.com/netspective-labs/sql-aide/v0.0.13/render/emit/lint.ts": "b70ba3c6149b44e0c754b179ad765893a9f0d0b7c559078f3036793b59fcfb5e",
    "https://raw.githubusercontent.com/netspective-labs/sql-aide/v0.0.13/render/emit/mod.ts": "e878245b2924b9d33d3a95ad0182ffb76361a81343d705b2b05458d47334ab3f",
    "https://raw.githubusercontent.com/netspective-labs/sql-aide/v0.0.13/render/emit/namespace.ts": "6e15a3fd4af6c9f17af1d94ca9f36764fa7d3306e2b8fc63bb77863edd2d6c50",
    "https://raw.githubusercontent.com/netspective-labs/sql-aide/v0.0.13/render/emit/sql.ts": "aedf06222c1aadb42f1c9fe60d45caabdd2a6e8e6c7339060ccca699d0a8a5f2",
    "https://raw.githubusercontent.com/netspective-labs/sql-aide/v0.0.13/render/graph.ts": "c6698e4b6f415af20c4b3d761331848fb26db7d20f5459541392b2074e311752",
    "https://raw.githubusercontent.com/netspective-labs/sql-aide/v0.0.13/render/mod.ts": "a3389f40211e752d77c9877a7b55477dafdb831020c227bcb71a89a1ffb73e01"
  }
}
